
Microsoft Visual Studio Solution File, Format Version 12.00
# Visual Studio Version 17
VisualStudioVersion = 17.8.34525.116
MinimumVisualStudioVersion = 10.0.40219.1
Project("{FAE04EC0-301F-11D3-BF4B-00C04F79EFBC}") = "Practical7", "Practical7\Practical7.csproj", "{B39C0070-1852-4895-BA62-A3BB9C2CEABF}"
EndProject
Global
	GlobalSection(SolutionConfigurationPlatforms) = preSolution
		Debug|Any CPU = Debug|Any CPU
		Release|Any CPU = Release|Any CPU
	EndGlobalSection
	GlobalSection(ProjectConfigurationPlatforms) = postSolution
		{B39C0070-1852-4895-BA62-A3BB9C2CEABF}.Debug|Any CPU.ActiveCfg = Debug|Any CPU
		{B39C0070-1852-4895-BA62-A3BB9C2CEABF}.Debug|Any CPU.Build.0 = Debug|Any CPU
		{B39C0070-1852-4895-BA62-A3BB9C2CEABF}.Release|Any CPU.ActiveCfg = Release|Any CPU
		{B39C0070-1852-4895-BA62-A3BB9C2CEABF}.Release|Any CPU.Build.0 = Release|Any CPU
	EndGlobalSection
	GlobalSection(SolutionProperties) = preSolution
		HideSolutionNode = FALSE
	EndGlobalSection
	GlobalSection(ExtensibilityGlobals) = postSolution
		SolutionGuid = {3C97EAC1-B8AA-4274-ABA7-6FD00AB22BF3}
	EndGlobalSection
EndGlobal
