
Microsoft Visual Studio Solution File, Format Version 12.00
# Visual Studio Version 17
VisualStudioVersion = 17.9.34607.119
MinimumVisualStudioVersion = 10.0.40219.1
Project("{FAE04EC0-301F-11D3-BF4B-00C04F79EFBC}") = "Practical2Exercise", "Practical2Exercise\Practical2Exercise.csproj", "{D501E43F-7B2D-4C05-A094-A67AB6BE8ABF}"
EndProject
Global
	GlobalSection(SolutionConfigurationPlatforms) = preSolution
		Debug|Any CPU = Debug|Any CPU
		Release|Any CPU = Release|Any CPU
	EndGlobalSection
	GlobalSection(ProjectConfigurationPlatforms) = postSolution
		{D501E43F-7B2D-4C05-A094-A67AB6BE8ABF}.Debug|Any CPU.ActiveCfg = Debug|Any CPU
		{D501E43F-7B2D-4C05-A094-A67AB6BE8ABF}.Debug|Any CPU.Build.0 = Debug|Any CPU
		{D501E43F-7B2D-4C05-A094-A67AB6BE8ABF}.Release|Any CPU.ActiveCfg = Release|Any CPU
		{D501E43F-7B2D-4C05-A094-A67AB6BE8ABF}.Release|Any CPU.Build.0 = Release|Any CPU
	EndGlobalSection
	GlobalSection(SolutionProperties) = preSolution
		HideSolutionNode = FALSE
	EndGlobalSection
	GlobalSection(ExtensibilityGlobals) = postSolution
		SolutionGuid = {7F93D872-BC5D-47C4-BF69-BB6CAD25BA48}
	EndGlobalSection
EndGlobal
