
Microsoft Visual Studio Solution File, Format Version 12.00
# Visual Studio Version 17
VisualStudioVersion = 17.8.34525.116
MinimumVisualStudioVersion = 10.0.40219.1
Project("{FAE04EC0-301F-11D3-BF4B-00C04F79EFBC}") = "Practical8", "Practical8\Practical8.csproj", "{655A4622-FFAC-4242-82D1-C52B083DC4C0}"
EndProject
Global
	GlobalSection(SolutionConfigurationPlatforms) = preSolution
		Debug|Any CPU = Debug|Any CPU
		Release|Any CPU = Release|Any CPU
	EndGlobalSection
	GlobalSection(ProjectConfigurationPlatforms) = postSolution
		{655A4622-FFAC-4242-82D1-C52B083DC4C0}.Debug|Any CPU.ActiveCfg = Debug|Any CPU
		{655A4622-FFAC-4242-82D1-C52B083DC4C0}.Debug|Any CPU.Build.0 = Debug|Any CPU
		{655A4622-FFAC-4242-82D1-C52B083DC4C0}.Release|Any CPU.ActiveCfg = Release|Any CPU
		{655A4622-FFAC-4242-82D1-C52B083DC4C0}.Release|Any CPU.Build.0 = Release|Any CPU
	EndGlobalSection
	GlobalSection(SolutionProperties) = preSolution
		HideSolutionNode = FALSE
	EndGlobalSection
	GlobalSection(ExtensibilityGlobals) = postSolution
		SolutionGuid = {03B0949A-CE9A-4A00-B4C0-4AAA63F25898}
	EndGlobalSection
EndGlobal
