
Microsoft Visual Studio Solution File, Format Version 12.00
# Visual Studio Version 17
VisualStudioVersion = 17.9.34607.119
MinimumVisualStudioVersion = 10.0.40219.1
Project("{FAE04EC0-301F-11D3-BF4B-00C04F79EFBC}") = "Chapter4Extra", "Chapter4Extra\Chapter4Extra.csproj", "{607F6442-9994-408E-8D6B-F79DDCC669DA}"
EndProject
Global
	GlobalSection(SolutionConfigurationPlatforms) = preSolution
		Debug|Any CPU = Debug|Any CPU
		Release|Any CPU = Release|Any CPU
	EndGlobalSection
	GlobalSection(ProjectConfigurationPlatforms) = postSolution
		{607F6442-9994-408E-8D6B-F79DDCC669DA}.Debug|Any CPU.ActiveCfg = Debug|Any CPU
		{607F6442-9994-408E-8D6B-F79DDCC669DA}.Debug|Any CPU.Build.0 = Debug|Any CPU
		{607F6442-9994-408E-8D6B-F79DDCC669DA}.Release|Any CPU.ActiveCfg = Release|Any CPU
		{607F6442-9994-408E-8D6B-F79DDCC669DA}.Release|Any CPU.Build.0 = Release|Any CPU
	EndGlobalSection
	GlobalSection(SolutionProperties) = preSolution
		HideSolutionNode = FALSE
	EndGlobalSection
	GlobalSection(ExtensibilityGlobals) = postSolution
		SolutionGuid = {84010A20-1EC8-40E6-81B4-DD3773C72393}
	EndGlobalSection
EndGlobal
